
Microsoft Visual Studio Solution File, Format Version 12.00
# Visual Studio Version 17
VisualStudioVersion = 17.5.002.0
MinimumVisualStudioVersion = 10.0.40219.1
Project("{2150E333-8FDC-42A3-9474-1A3956D46DE8}") = "sandbox", "sandbox", "{2499B5D2-822E-4A5C-845C-21127CB68ED3}"
EndProject
Project("{9A19103F-16F7-4668-BE54-9A1E7A4F7556}") = "sandbox_project", "sandbox\sandbox_project\sandbox_project.csproj", "{F708441D-7B42-49FC-A713-E13546FCE9EB}"
EndProject
Project("{2150E333-8FDC-42A3-9474-1A3956D46DE8}") = "week01", "week01", "{E6F5D38E-E1D6-4733-9D50-2C82D2CF0FAB}"
EndProject
Project("{9A19103F-16F7-4668-BE54-9A1E7A4F7556}") = "analyze", "week01\analyze\analyze.csproj", "{EF9DE649-2A16-422E-8A0F-F7BA3DBFF81C}"
EndProject
Project("{9A19103F-16F7-4668-BE54-9A1E7A4F7556}") = "code", "week01\code\code.csproj", "{84EDFB18-72F1-45C5-80B8-068DE4468911}"
EndProject
Project("{9A19103F-16F7-4668-BE54-9A1E7A4F7556}") = "teach", "week01\teach\teach.csproj", "{B8F8C616-86B7-4DDF-8E7C-1E569FFDD99A}"
EndProject
Project("{2150E333-8FDC-42A3-9474-1A3956D46DE8}") = "week02", "week02", "{0DAD60AA-095D-4B25-974C-2CA073DD08DC}"
EndProject
Project("{9A19103F-16F7-4668-BE54-9A1E7A4F7556}") = "analyze", "week02\analyze\analyze.csproj", "{27B1FD9D-687B-4975-8BA9-B2297A5DB2AA}"
EndProject
Project("{9A19103F-16F7-4668-BE54-9A1E7A4F7556}") = "code", "week02\code\code.csproj", "{0439276D-B906-481E-9271-D3F148BABC2C}"
EndProject
Project("{9A19103F-16F7-4668-BE54-9A1E7A4F7556}") = "learn", "week02\learn\learn.csproj", "{19A4FDC7-D5D4-4647-81DA-64E7938176C5}"
EndProject
Project("{9A19103F-16F7-4668-BE54-9A1E7A4F7556}") = "teach", "week02\teach\teach.csproj", "{4E9C642D-7B5A-435E-848F-34884A23695B}"
EndProject
Project("{2150E333-8FDC-42A3-9474-1A3956D46DE8}") = "week03", "week03", "{E481AAF8-119E-41D7-87E6-5AB3FF83C857}"
EndProject
Project("{9A19103F-16F7-4668-BE54-9A1E7A4F7556}") = "code", "week03\code\code.csproj", "{59BD09CC-7F33-4C50-98E8-B338BED334EC}"
EndProject
Project("{9A19103F-16F7-4668-BE54-9A1E7A4F7556}") = "learn", "week03\learn\learn.csproj", "{6163F27B-BAC8-4221-9435-8E3CFF82D42A}"
EndProject
Project("{9A19103F-16F7-4668-BE54-9A1E7A4F7556}") = "teach", "week03\teach\teach.csproj", "{68BA8DE4-A058-431D-A8DB-8911A8360B0D}"
EndProject
Project("{2150E333-8FDC-42A3-9474-1A3956D46DE8}") = "week04", "week04", "{09F1DF90-E829-447D-86CA-A41BB8815F09}"
EndProject
Project("{9A19103F-16F7-4668-BE54-9A1E7A4F7556}") = "code", "week04\code\code.csproj", "{195A65BA-B34B-454F-8B28-B3A371854BB3}"
EndProject
Project("{2150E333-8FDC-42A3-9474-1A3956D46DE8}") = "week05", "week05", "{0DB400DB-786B-4B8B-9204-085C2DCA4ADD}"
EndProject
Project("{9A19103F-16F7-4668-BE54-9A1E7A4F7556}") = "code", "week05\code\code.csproj", "{E49307C6-613D-4E4D-B86B-7EC333CB3622}"
EndProject
Project("{2150E333-8FDC-42A3-9474-1A3956D46DE8}") = "week06", "week06", "{C03594B9-9C94-4678-BC7C-441B64E13458}"
EndProject
Project("{9A19103F-16F7-4668-BE54-9A1E7A4F7556}") = "code", "week06\code\code.csproj", "{1469A97E-B8A7-466D-933D-285F4658F72C}"
EndProject
Global
	GlobalSection(SolutionConfigurationPlatforms) = preSolution
		Debug|Any CPU = Debug|Any CPU
		Release|Any CPU = Release|Any CPU
	EndGlobalSection
	GlobalSection(ProjectConfigurationPlatforms) = postSolution
		{F708441D-7B42-49FC-A713-E13546FCE9EB}.Debug|Any CPU.ActiveCfg = Debug|Any CPU
		{F708441D-7B42-49FC-A713-E13546FCE9EB}.Debug|Any CPU.Build.0 = Debug|Any CPU
		{F708441D-7B42-49FC-A713-E13546FCE9EB}.Release|Any CPU.ActiveCfg = Release|Any CPU
		{F708441D-7B42-49FC-A713-E13546FCE9EB}.Release|Any CPU.Build.0 = Release|Any CPU
		{EF9DE649-2A16-422E-8A0F-F7BA3DBFF81C}.Debug|Any CPU.ActiveCfg = Debug|Any CPU
		{EF9DE649-2A16-422E-8A0F-F7BA3DBFF81C}.Debug|Any CPU.Build.0 = Debug|Any CPU
		{EF9DE649-2A16-422E-8A0F-F7BA3DBFF81C}.Release|Any CPU.ActiveCfg = Release|Any CPU
		{EF9DE649-2A16-422E-8A0F-F7BA3DBFF81C}.Release|Any CPU.Build.0 = Release|Any CPU
		{84EDFB18-72F1-45C5-80B8-068DE4468911}.Debug|Any CPU.ActiveCfg = Debug|Any CPU
		{84EDFB18-72F1-45C5-80B8-068DE4468911}.Debug|Any CPU.Build.0 = Debug|Any CPU
		{84EDFB18-72F1-45C5-80B8-068DE4468911}.Release|Any CPU.ActiveCfg = Release|Any CPU
		{84EDFB18-72F1-45C5-80B8-068DE4468911}.Release|Any CPU.Build.0 = Release|Any CPU
		{B8F8C616-86B7-4DDF-8E7C-1E569FFDD99A}.Debug|Any CPU.ActiveCfg = Debug|Any CPU
		{B8F8C616-86B7-4DDF-8E7C-1E569FFDD99A}.Debug|Any CPU.Build.0 = Debug|Any CPU
		{B8F8C616-86B7-4DDF-8E7C-1E569FFDD99A}.Release|Any CPU.ActiveCfg = Release|Any CPU
		{B8F8C616-86B7-4DDF-8E7C-1E569FFDD99A}.Release|Any CPU.Build.0 = Release|Any CPU
		{27B1FD9D-687B-4975-8BA9-B2297A5DB2AA}.Debug|Any CPU.ActiveCfg = Debug|Any CPU
		{27B1FD9D-687B-4975-8BA9-B2297A5DB2AA}.Debug|Any CPU.Build.0 = Debug|Any CPU
		{27B1FD9D-687B-4975-8BA9-B2297A5DB2AA}.Release|Any CPU.ActiveCfg = Release|Any CPU
		{27B1FD9D-687B-4975-8BA9-B2297A5DB2AA}.Release|Any CPU.Build.0 = Release|Any CPU
		{0439276D-B906-481E-9271-D3F148BABC2C}.Debug|Any CPU.ActiveCfg = Debug|Any CPU
		{0439276D-B906-481E-9271-D3F148BABC2C}.Debug|Any CPU.Build.0 = Debug|Any CPU
		{0439276D-B906-481E-9271-D3F148BABC2C}.Release|Any CPU.ActiveCfg = Release|Any CPU
		{0439276D-B906-481E-9271-D3F148BABC2C}.Release|Any CPU.Build.0 = Release|Any CPU
		{19A4FDC7-D5D4-4647-81DA-64E7938176C5}.Debug|Any CPU.ActiveCfg = Debug|Any CPU
		{19A4FDC7-D5D4-4647-81DA-64E7938176C5}.Debug|Any CPU.Build.0 = Debug|Any CPU
		{19A4FDC7-D5D4-4647-81DA-64E7938176C5}.Release|Any CPU.ActiveCfg = Release|Any CPU
		{19A4FDC7-D5D4-4647-81DA-64E7938176C5}.Release|Any CPU.Build.0 = Release|Any CPU
		{4E9C642D-7B5A-435E-848F-34884A23695B}.Debug|Any CPU.ActiveCfg = Debug|Any CPU
		{4E9C642D-7B5A-435E-848F-34884A23695B}.Debug|Any CPU.Build.0 = Debug|Any CPU
		{4E9C642D-7B5A-435E-848F-34884A23695B}.Release|Any CPU.ActiveCfg = Release|Any CPU
		{4E9C642D-7B5A-435E-848F-34884A23695B}.Release|Any CPU.Build.0 = Release|Any CPU
		{59BD09CC-7F33-4C50-98E8-B338BED334EC}.Debug|Any CPU.ActiveCfg = Debug|Any CPU
		{59BD09CC-7F33-4C50-98E8-B338BED334EC}.Debug|Any CPU.Build.0 = Debug|Any CPU
		{59BD09CC-7F33-4C50-98E8-B338BED334EC}.Release|Any CPU.ActiveCfg = Release|Any CPU
		{59BD09CC-7F33-4C50-98E8-B338BED334EC}.Release|Any CPU.Build.0 = Release|Any CPU
		{6163F27B-BAC8-4221-9435-8E3CFF82D42A}.Debug|Any CPU.ActiveCfg = Debug|Any CPU
		{6163F27B-BAC8-4221-9435-8E3CFF82D42A}.Debug|Any CPU.Build.0 = Debug|Any CPU
		{6163F27B-BAC8-4221-9435-8E3CFF82D42A}.Release|Any CPU.ActiveCfg = Release|Any CPU
		{6163F27B-BAC8-4221-9435-8E3CFF82D42A}.Release|Any CPU.Build.0 = Release|Any CPU
		{68BA8DE4-A058-431D-A8DB-8911A8360B0D}.Debug|Any CPU.ActiveCfg = Debug|Any CPU
		{68BA8DE4-A058-431D-A8DB-8911A8360B0D}.Debug|Any CPU.Build.0 = Debug|Any CPU
		{68BA8DE4-A058-431D-A8DB-8911A8360B0D}.Release|Any CPU.ActiveCfg = Release|Any CPU
		{68BA8DE4-A058-431D-A8DB-8911A8360B0D}.Release|Any CPU.Build.0 = Release|Any CPU
		{195A65BA-B34B-454F-8B28-B3A371854BB3}.Debug|Any CPU.ActiveCfg = Debug|Any CPU
		{195A65BA-B34B-454F-8B28-B3A371854BB3}.Debug|Any CPU.Build.0 = Debug|Any CPU
		{195A65BA-B34B-454F-8B28-B3A371854BB3}.Release|Any CPU.ActiveCfg = Release|Any CPU
		{195A65BA-B34B-454F-8B28-B3A371854BB3}.Release|Any CPU.Build.0 = Release|Any CPU
		{E49307C6-613D-4E4D-B86B-7EC333CB3622}.Debug|Any CPU.ActiveCfg = Debug|Any CPU
		{E49307C6-613D-4E4D-B86B-7EC333CB3622}.Debug|Any CPU.Build.0 = Debug|Any CPU
		{E49307C6-613D-4E4D-B86B-7EC333CB3622}.Release|Any CPU.ActiveCfg = Release|Any CPU
		{E49307C6-613D-4E4D-B86B-7EC333CB3622}.Release|Any CPU.Build.0 = Release|Any CPU
		{1469A97E-B8A7-466D-933D-285F4658F72C}.Debug|Any CPU.ActiveCfg = Debug|Any CPU
		{1469A97E-B8A7-466D-933D-285F4658F72C}.Debug|Any CPU.Build.0 = Debug|Any CPU
		{1469A97E-B8A7-466D-933D-285F4658F72C}.Release|Any CPU.ActiveCfg = Release|Any CPU
		{1469A97E-B8A7-466D-933D-285F4658F72C}.Release|Any CPU.Build.0 = Release|Any CPU
	EndGlobalSection
	GlobalSection(SolutionProperties) = preSolution
		HideSolutionNode = FALSE
	EndGlobalSection
	GlobalSection(NestedProjects) = preSolution
		{F708441D-7B42-49FC-A713-E13546FCE9EB} = {2499B5D2-822E-4A5C-845C-21127CB68ED3}
		{EF9DE649-2A16-422E-8A0F-F7BA3DBFF81C} = {E6F5D38E-E1D6-4733-9D50-2C82D2CF0FAB}
		{84EDFB18-72F1-45C5-80B8-068DE4468911} = {E6F5D38E-E1D6-4733-9D50-2C82D2CF0FAB}
		{B8F8C616-86B7-4DDF-8E7C-1E569FFDD99A} = {E6F5D38E-E1D6-4733-9D50-2C82D2CF0FAB}
		{27B1FD9D-687B-4975-8BA9-B2297A5DB2AA} = {0DAD60AA-095D-4B25-974C-2CA073DD08DC}
		{0439276D-B906-481E-9271-D3F148BABC2C} = {0DAD60AA-095D-4B25-974C-2CA073DD08DC}
		{19A4FDC7-D5D4-4647-81DA-64E7938176C5} = {0DAD60AA-095D-4B25-974C-2CA073DD08DC}
		{4E9C642D-7B5A-435E-848F-34884A23695B} = {0DAD60AA-095D-4B25-974C-2CA073DD08DC}
		{59BD09CC-7F33-4C50-98E8-B338BED334EC} = {E481AAF8-119E-41D7-87E6-5AB3FF83C857}
		{6163F27B-BAC8-4221-9435-8E3CFF82D42A} = {E481AAF8-119E-41D7-87E6-5AB3FF83C857}
		{68BA8DE4-A058-431D-A8DB-8911A8360B0D} = {E481AAF8-119E-41D7-87E6-5AB3FF83C857}
		{195A65BA-B34B-454F-8B28-B3A371854BB3} = {09F1DF90-E829-447D-86CA-A41BB8815F09}
		{E49307C6-613D-4E4D-B86B-7EC333CB3622} = {0DB400DB-786B-4B8B-9204-085C2DCA4ADD}
		{1469A97E-B8A7-466D-933D-285F4658F72C} = {C03594B9-9C94-4678-BC7C-441B64E13458}
	EndGlobalSection
	GlobalSection(ExtensibilityGlobals) = postSolution
		SolutionGuid = {168E8DF6-EF52-46BD-9A2B-6A916F644CE0}
	EndGlobalSection
EndGlobal
